
Microsoft Visual Studio Solution File, Format Version 12.00
# Visual Studio Version 17
VisualStudioVersion = 17.5.33424.131
MinimumVisualStudioVersion = 10.0.40219.1
Project("{FAE04EC0-301F-11D3-BF4B-00C04F79EFBC}") = "BVHAU.VMM", "BVHAU.VMM\BVHAU.VMM.csproj", "{71D57D90-43DB-4EB1-969A-601CDB62A49A}"
EndProject
Global
	GlobalSection(SolutionConfigurationPlatforms) = preSolution
		Debug|Any CPU = Debug|Any CPU
		Release|Any CPU = Release|Any CPU
	EndGlobalSection
	GlobalSection(ProjectConfigurationPlatforms) = postSolution
		{71D57D90-43DB-4EB1-969A-601CDB62A49A}.Debug|Any CPU.ActiveCfg = Debug|Any CPU
		{71D57D90-43DB-4EB1-969A-601CDB62A49A}.Debug|Any CPU.Build.0 = Debug|Any CPU
		{71D57D90-43DB-4EB1-969A-601CDB62A49A}.Release|Any CPU.ActiveCfg = Release|Any CPU
		{71D57D90-43DB-4EB1-969A-601CDB62A49A}.Release|Any CPU.Build.0 = Release|Any CPU
	EndGlobalSection
	GlobalSection(SolutionProperties) = preSolution
		HideSolutionNode = FALSE
	EndGlobalSection
	GlobalSection(ExtensibilityGlobals) = postSolution
		SolutionGuid = {4A4A34DE-8749-482D-AF1C-CF4E94A0AB7A}
	EndGlobalSection
EndGlobal
